# This file is automatically @generated by Cargo.
# It is not intended for manual editing.
version = 3

[[package]]
name = "ascii"
version = "1.1.0"
source = "registry+https://github.com/rust-lang/crates.io-index"
checksum = "d92bec98840b8f03a5ff5413de5293bfcd8bf96467cf5452609f939ec6f5de16"

[[package]]
name = "cfg-if"
version = "1.0.0"
source = "registry+https://github.com/rust-lang/crates.io-index"
checksum = "baf1de4339761588bc0619e3cbc0120ee582ebb74b53b4efbf79117bd2da40fd"

[[package]]
name = "chunked_transfer"
version = "1.4.1"
source = "registry+https://github.com/rust-lang/crates.io-index"
checksum = "cca491388666e04d7248af3f60f0c40cfb0991c72205595d7c396e3510207d1a"

[[package]]
name = "httpdate"
version = "1.0.2"
source = "registry+https://github.com/rust-lang/crates.io-index"
checksum = "c4a1e36c821dbe04574f602848a19f742f4fb3c98d40449f11bcad18d6b17421"

[[package]]
name = "log"
version = "0.4.17"
source = "registry+https://github.com/rust-lang/crates.io-index"
checksum = "abb12e687cfb44aa40f41fc3978ef76448f9b6038cad6aef4259d3c095a2382e"
dependencies = [
 "cfg-if",
]

[[package]]
name = "spytter"
version = "0.1.0"
dependencies = [
 "tiny_http",
]

[[package]]
name = "tiny_http"
version = "0.12.0"
source = "registry+https://github.com/rust-lang/crates.io-index"
checksum = "389915df6413a2e74fb181895f933386023c71110878cd0825588928e64cdc82"
dependencies = [
 "ascii",
 "chunked_transfer",
 "httpdate",
 "log",
]
